{
  "name": "final-2",
  "lockfileVersion": 3,
  "requires": true,
  "packages": {
    "": {
      "dependencies": {
        "b2b-catalog-to-whatsapp": "file:.."
      }
    },
    "..": {
      "name": "b2b-catalog-to-whatsapp",
      "version": "0.0.0",
      "dependencies": {
        "react": "^19.2.0",
        "react-dom": "^19.2.0",
        "react-router-dom": "^7.9.4"
      },
      "devDependencies": {
        "@types/node": "^22.14.0",
        "@vitejs/plugin-react": "^5.0.0",
        "typescript": "~5.8.2",
        "vite": "^6.2.0",
        "vite-plugin-imagemin": "^0.6.1",
        "vite-plugin-pwa": "^1.1.0"
      }
    },
    "node_modules/b2b-catalog-to-whatsapp": {
      "resolved": "..",
      "link": true
    }
  }
}
